
Microsoft Visual Studio Solution File, Format Version 12.00
# Visual Studio 15
VisualStudioVersion = 15.0.28307.106
MinimumVisualStudioVersion = 10.0.40219.1
Project("{9A19103F-16F7-4668-BE54-9A1E7A4F7556}") = "eStudent", "eStudent.csproj", "{757B7894-77DA-4014-A6A9-B0A06EF1C685}"
EndProject
Global
	GlobalSection(SolutionConfigurationPlatforms) = preSolution
		Debug|Any CPU = Debug|Any CPU
		Release|Any CPU = Release|Any CPU
	EndGlobalSection
	GlobalSection(ProjectConfigurationPlatforms) = postSolution
		{757B7894-77DA-4014-A6A9-B0A06EF1C685}.Debug|Any CPU.ActiveCfg = Debug|Any CPU
		{757B7894-77DA-4014-A6A9-B0A06EF1C685}.Debug|Any CPU.Build.0 = Debug|Any CPU
		{757B7894-77DA-4014-A6A9-B0A06EF1C685}.Release|Any CPU.ActiveCfg = Release|Any CPU
		{757B7894-77DA-4014-A6A9-B0A06EF1C685}.Release|Any CPU.Build.0 = Release|Any CPU
	EndGlobalSection
	GlobalSection(SolutionProperties) = preSolution
		HideSolutionNode = FALSE
	EndGlobalSection
	GlobalSection(ExtensibilityGlobals) = postSolution
		SolutionGuid = {39CB8D77-C3C9-4202-A0D2-0706C939BC7C}
	EndGlobalSection
EndGlobal
